
Microsoft Visual Studio Solution File, Format Version 12.00
# Visual Studio 14
VisualStudioVersion = 14.0.25420.1
MinimumVisualStudioVersion = 10.0.40219.1
Project("{FAE04EC0-301F-11D3-BF4B-00C04F79EFBC}") = "CopiaPdp", "CopiaPdp\CopiaPdp.csproj", "{DB3233FB-2041-4139-9FDD-6BEBFDBD0E68}"
EndProject
Project("{54435603-DBB4-11D2-8724-00A0C9A8B90C}") = "Instalador", "Instalador\Instalador.vdproj", "{989226B6-6F14-4C09-97E9-82AE777F6250}"
EndProject
Global
	GlobalSection(SolutionConfigurationPlatforms) = preSolution
		Debug|Any CPU = Debug|Any CPU
		Release|Any CPU = Release|Any CPU
	EndGlobalSection
	GlobalSection(ProjectConfigurationPlatforms) = postSolution
		{DB3233FB-2041-4139-9FDD-6BEBFDBD0E68}.Debug|Any CPU.ActiveCfg = Debug|Any CPU
		{DB3233FB-2041-4139-9FDD-6BEBFDBD0E68}.Debug|Any CPU.Build.0 = Debug|Any CPU
		{DB3233FB-2041-4139-9FDD-6BEBFDBD0E68}.Release|Any CPU.ActiveCfg = Release|Any CPU
		{DB3233FB-2041-4139-9FDD-6BEBFDBD0E68}.Release|Any CPU.Build.0 = Release|Any CPU
		{989226B6-6F14-4C09-97E9-82AE777F6250}.Debug|Any CPU.ActiveCfg = Debug
		{989226B6-6F14-4C09-97E9-82AE777F6250}.Release|Any CPU.ActiveCfg = Release
	EndGlobalSection
	GlobalSection(SolutionProperties) = preSolution
		HideSolutionNode = FALSE
	EndGlobalSection
EndGlobal
